// !$*UTF8*$!
{
	archiveVersion = 1;
	classes = {
	};
	objectVersion = 56;
	objects = {

/* Begin PBXBuildFile section */
		2002F62E2A9E6BBA0057B814 /* MediaContentView.swift in Sources */ = {isa = PBXBuildFile; fileRef = 2002F62D2A9E6BBA0057B814 /* MediaContentView.swift */; };
		2002F6302A9E6CCE0057B814 /* PrimayButton.swift in Sources */ = {isa = PBXBuildFile; fileRef = 2002F62F2A9E6CCE0057B814 /* PrimayButton.swift */; };
		2002F6322A9E6E800057B814 /* SubscriptionPlanConstants.swift in Sources */ = {isa = PBXBuildFile; fileRef = 2002F6312A9E6E800057B814 /* SubscriptionPlanConstants.swift */; };
		2002F6352A9E6FF40057B814 /* AssetColor.swift in Sources */ = {isa = PBXBuildFile; fileRef = 2002F6342A9E6FF40057B814 /* AssetColor.swift */; };
		2002F6372A9E71F90057B814 /* SampleData.swift in Sources */ = {isa = PBXBuildFile; fileRef = 2002F6362A9E71F90057B814 /* SampleData.swift */; };
		2002F6392A9E75690057B814 /* CircleCancelButton.swift in Sources */ = {isa = PBXBuildFile; fileRef = 2002F6382A9E75690057B814 /* CircleCancelButton.swift */; };
		2002F63D2A9ED0DC0057B814 /* FontExtensions.swift in Sources */ = {isa = PBXBuildFile; fileRef = 2002F63C2A9ED0DC0057B814 /* FontExtensions.swift */; };
		20806F522A9DEEAC00625668 /* SpeakBuddyLandingScreenApp.swift in Sources */ = {isa = PBXBuildFile; fileRef = 20806F512A9DEEAC00625668 /* SpeakBuddyLandingScreenApp.swift */; };
		20806F542A9DEEAC00625668 /* ContentView.swift in Sources */ = {isa = PBXBuildFile; fileRef = 20806F532A9DEEAC00625668 /* ContentView.swift */; };
		20806F562A9DEEAD00625668 /* Assets.xcassets in Resources */ = {isa = PBXBuildFile; fileRef = 20806F552A9DEEAD00625668 /* Assets.xcassets */; };
		20806F592A9DEEAD00625668 /* Preview Assets.xcassets in Resources */ = {isa = PBXBuildFile; fileRef = 20806F582A9DEEAD00625668 /* Preview Assets.xcassets */; };
		20806F632A9DEEAD00625668 /* SpeakBuddyLandingScreenTests.swift in Sources */ = {isa = PBXBuildFile; fileRef = 20806F622A9DEEAD00625668 /* SpeakBuddyLandingScreenTests.swift */; };
		20806F6D2A9DEEAD00625668 /* SpeakBuddyLandingScreenUITests.swift in Sources */ = {isa = PBXBuildFile; fileRef = 20806F6C2A9DEEAD00625668 /* SpeakBuddyLandingScreenUITests.swift */; };
		20806F6F2A9DEEAD00625668 /* SpeakBuddyLandingScreenUITestsLaunchTests.swift in Sources */ = {isa = PBXBuildFile; fileRef = 20806F6E2A9DEEAD00625668 /* SpeakBuddyLandingScreenUITestsLaunchTests.swift */; };
/* End PBXBuildFile section */

/* Begin PBXContainerItemProxy section */
		20806F5F2A9DEEAD00625668 /* PBXContainerItemProxy */ = {
			isa = PBXContainerItemProxy;
			containerPortal = 20806F462A9DEEAC00625668 /* Project object */;
			proxyType = 1;
			remoteGlobalIDString = 20806F4D2A9DEEAC00625668;
			remoteInfo = SpeakBuddyLandingScreen;
		};
		20806F692A9DEEAD00625668 /* PBXContainerItemProxy */ = {
			isa = PBXContainerItemProxy;
			containerPortal = 20806F462A9DEEAC00625668 /* Project object */;
			proxyType = 1;
			remoteGlobalIDString = 20806F4D2A9DEEAC00625668;
			remoteInfo = SpeakBuddyLandingScreen;
		};
/* End PBXContainerItemProxy section */

/* Begin PBXFileReference section */
		2002F62D2A9E6BBA0057B814 /* MediaContentView.swift */ = {isa = PBXFileReference; lastKnownFileType = sourcecode.swift; path = MediaContentView.swift; sourceTree = "<group>"; };
		2002F62F2A9E6CCE0057B814 /* PrimayButton.swift */ = {isa = PBXFileReference; lastKnownFileType = sourcecode.swift; path = PrimayButton.swift; sourceTree = "<group>"; };
		2002F6312A9E6E800057B814 /* SubscriptionPlanConstants.swift */ = {isa = PBXFileReference; lastKnownFileType = sourcecode.swift; path = SubscriptionPlanConstants.swift; sourceTree = "<group>"; };
		2002F6342A9E6FF40057B814 /* AssetColor.swift */ = {isa = PBXFileReference; lastKnownFileType = sourcecode.swift; path = AssetColor.swift; sourceTree = "<group>"; };
		2002F6362A9E71F90057B814 /* SampleData.swift */ = {isa = PBXFileReference; lastKnownFileType = sourcecode.swift; path = SampleData.swift; sourceTree = "<group>"; };
		2002F6382A9E75690057B814 /* CircleCancelButton.swift */ = {isa = PBXFileReference; lastKnownFileType = sourcecode.swift; path = CircleCancelButton.swift; sourceTree = "<group>"; };
		2002F63C2A9ED0DC0057B814 /* FontExtensions.swift */ = {isa = PBXFileReference; lastKnownFileType = sourcecode.swift; path = FontExtensions.swift; sourceTree = "<group>"; };
		20806F4E2A9DEEAC00625668 /* SpeakBuddyLandingScreen.app */ = {isa = PBXFileReference; explicitFileType = wrapper.application; includeInIndex = 0; path = SpeakBuddyLandingScreen.app; sourceTree = BUILT_PRODUCTS_DIR; };
		20806F512A9DEEAC00625668 /* SpeakBuddyLandingScreenApp.swift */ = {isa = PBXFileReference; lastKnownFileType = sourcecode.swift; path = SpeakBuddyLandingScreenApp.swift; sourceTree = "<group>"; };
		20806F532A9DEEAC00625668 /* ContentView.swift */ = {isa = PBXFileReference; lastKnownFileType = sourcecode.swift; path = ContentView.swift; sourceTree = "<group>"; };
		20806F552A9DEEAD00625668 /* Assets.xcassets */ = {isa = PBXFileReference; lastKnownFileType = folder.assetcatalog; path = Assets.xcassets; sourceTree = "<group>"; };
		20806F582A9DEEAD00625668 /* Preview Assets.xcassets */ = {isa = PBXFileReference; lastKnownFileType = folder.assetcatalog; path = "Preview Assets.xcassets"; sourceTree = "<group>"; };
		20806F5E2A9DEEAD00625668 /* SpeakBuddyLandingScreenTests.xctest */ = {isa = PBXFileReference; explicitFileType = wrapper.cfbundle; includeInIndex = 0; path = SpeakBuddyLandingScreenTests.xctest; sourceTree = BUILT_PRODUCTS_DIR; };
		20806F622A9DEEAD00625668 /* SpeakBuddyLandingScreenTests.swift */ = {isa = PBXFileReference; lastKnownFileType = sourcecode.swift; path = SpeakBuddyLandingScreenTests.swift; sourceTree = "<group>"; };
		20806F682A9DEEAD00625668 /* SpeakBuddyLandingScreenUITests.xctest */ = {isa = PBXFileReference; explicitFileType = wrapper.cfbundle; includeInIndex = 0; path = SpeakBuddyLandingScreenUITests.xctest; sourceTree = BUILT_PRODUCTS_DIR; };
		20806F6C2A9DEEAD00625668 /* SpeakBuddyLandingScreenUITests.swift */ = {isa = PBXFileReference; lastKnownFileType = sourcecode.swift; path = SpeakBuddyLandingScreenUITests.swift; sourceTree = "<group>"; };
		20806F6E2A9DEEAD00625668 /* SpeakBuddyLandingScreenUITestsLaunchTests.swift */ = {isa = PBXFileReference; lastKnownFileType = sourcecode.swift; path = SpeakBuddyLandingScreenUITestsLaunchTests.swift; sourceTree = "<group>"; };
/* End PBXFileReference section */

/* Begin PBXFrameworksBuildPhase section */
		20806F4B2A9DEEAC00625668 /* Frameworks */ = {
			isa = PBXFrameworksBuildPhase;
			buildActionMask = 2147483647;
			files = (
			);
			runOnlyForDeploymentPostprocessing = 0;
		};
		20806F5B2A9DEEAD00625668 /* Frameworks */ = {
			isa = PBXFrameworksBuildPhase;
			buildActionMask = 2147483647;
			files = (
			);
			runOnlyForDeploymentPostprocessing = 0;
		};
		20806F652A9DEEAD00625668 /* Frameworks */ = {
			isa = PBXFrameworksBuildPhase;
			buildActionMask = 2147483647;
			files = (
			);
			runOnlyForDeploymentPostprocessing = 0;
		};
/* End PBXFrameworksBuildPhase section */

/* Begin PBXGroup section */
		2002F63E2A9ED27B0057B814 /* Views */ = {
			isa = PBXGroup;
			children = (
				20806F532A9DEEAC00625668 /* ContentView.swift */,
				2002F6382A9E75690057B814 /* CircleCancelButton.swift */,
				2002F62F2A9E6CCE0057B814 /* PrimayButton.swift */,
				2002F62D2A9E6BBA0057B814 /* MediaContentView.swift */,
			);
			path = Views;
			sourceTree = "<group>";
		};
		20806F452A9DEEAC00625668 = {
			isa = PBXGroup;
			children = (
				20806F502A9DEEAC00625668 /* SpeakBuddyLandingScreen */,
				20806F612A9DEEAD00625668 /* SpeakBuddyLandingScreenTests */,
				20806F6B2A9DEEAD00625668 /* SpeakBuddyLandingScreenUITests */,
				20806F4F2A9DEEAC00625668 /* Products */,
			);
			sourceTree = "<group>";
		};
		20806F4F2A9DEEAC00625668 /* Products */ = {
			isa = PBXGroup;
			children = (
				20806F4E2A9DEEAC00625668 /* SpeakBuddyLandingScreen.app */,
				20806F5E2A9DEEAD00625668 /* SpeakBuddyLandingScreenTests.xctest */,
				20806F682A9DEEAD00625668 /* SpeakBuddyLandingScreenUITests.xctest */,
			);
			name = Products;
			sourceTree = "<group>";
		};
		20806F502A9DEEAC00625668 /* SpeakBuddyLandingScreen */ = {
			isa = PBXGroup;
			children = (
				2002F63E2A9ED27B0057B814 /* Views */,
				2002F6312A9E6E800057B814 /* SubscriptionPlanConstants.swift */,
				2002F6362A9E71F90057B814 /* SampleData.swift */,
				2002F63C2A9ED0DC0057B814 /* FontExtensions.swift */,
				2002F6342A9E6FF40057B814 /* AssetColor.swift */,
				20806F512A9DEEAC00625668 /* SpeakBuddyLandingScreenApp.swift */,
				20806F552A9DEEAD00625668 /* Assets.xcassets */,
				20806F572A9DEEAD00625668 /* Preview Content */,
			);
			path = SpeakBuddyLandingScreen;
			sourceTree = "<group>";
		};
		20806F572A9DEEAD00625668 /* Preview Content */ = {
			isa = PBXGroup;
			children = (
				20806F582A9DEEAD00625668 /* Preview Assets.xcassets */,
			);
			path = "Preview Content";
			sourceTree = "<group>";
		};
		20806F612A9DEEAD00625668 /* SpeakBuddyLandingScreenTests */ = {
			isa = PBXGroup;
			children = (
				20806F622A9DEEAD00625668 /* SpeakBuddyLandingScreenTests.swift */,
			);
			path = SpeakBuddyLandingScreenTests;
			sourceTree = "<group>";
		};
		20806F6B2A9DEEAD00625668 /* SpeakBuddyLandingScreenUITests */ = {
			isa = PBXGroup;
			children = (
				20806F6C2A9DEEAD00625668 /* SpeakBuddyLandingScreenUITests.swift */,
				20806F6E2A9DEEAD00625668 /* SpeakBuddyLandingScreenUITestsLaunchTests.swift */,
			);
			path = SpeakBuddyLandingScreenUITests;
			sourceTree = "<group>";
		};
/* End PBXGroup section */

/* Begin PBXNativeTarget section */
		20806F4D2A9DEEAC00625668 /* SpeakBuddyLandingScreen */ = {
			isa = PBXNativeTarget;
			buildConfigurationList = 20806F722A9DEEAD00625668 /* Build configuration list for PBXNativeTarget "SpeakBuddyLandingScreen" */;
			buildPhases = (
				20806F4A2A9DEEAC00625668 /* Sources */,
				20806F4B2A9DEEAC00625668 /* Frameworks */,
				20806F4C2A9DEEAC00625668 /* Resources */,
			);
			buildRules = (
			);
			dependencies = (
			);
			name = SpeakBuddyLandingScreen;
			productName = SpeakBuddyLandingScreen;
			productReference = 20806F4E2A9DEEAC00625668 /* SpeakBuddyLandingScreen.app */;
			productType = "com.apple.product-type.application";
		};
		20806F5D2A9DEEAD00625668 /* SpeakBuddyLandingScreenTests */ = {
			isa = PBXNativeTarget;
			buildConfigurationList = 20806F752A9DEEAD00625668 /* Build configuration list for PBXNativeTarget "SpeakBuddyLandingScreenTests" */;
			buildPhases = (
				20806F5A2A9DEEAD00625668 /* Sources */,
				20806F5B2A9DEEAD00625668 /* Frameworks */,
				20806F5C2A9DEEAD00625668 /* Resources */,
			);
			buildRules = (
			);
			dependencies = (
				20806F602A9DEEAD00625668 /* PBXTargetDependency */,
			);
			name = SpeakBuddyLandingScreenTests;
			productName = SpeakBuddyLandingScreenTests;
			productReference = 20806F5E2A9DEEAD00625668 /* SpeakBuddyLandingScreenTests.xctest */;
			productType = "com.apple.product-type.bundle.unit-test";
		};
		20806F672A9DEEAD00625668 /* SpeakBuddyLandingScreenUITests */ = {
			isa = PBXNativeTarget;
			buildConfigurationList = 20806F782A9DEEAD00625668 /* Build configuration list for PBXNativeTarget "SpeakBuddyLandingScreenUITests" */;
			buildPhases = (
				20806F642A9DEEAD00625668 /* Sources */,
				20806F652A9DEEAD00625668 /* Frameworks */,
				20806F662A9DEEAD00625668 /* Resources */,
			);
			buildRules = (
			);
			dependencies = (
				20806F6A2A9DEEAD00625668 /* PBXTargetDependency */,
			);
			name = SpeakBuddyLandingScreenUITests;
			productName = SpeakBuddyLandingScreenUITests;
			productReference = 20806F682A9DEEAD00625668 /* SpeakBuddyLandingScreenUITests.xctest */;
			productType = "com.apple.product-type.bundle.ui-testing";
		};
/* End PBXNativeTarget section */

/* Begin PBXProject section */
		20806F462A9DEEAC00625668 /* Project object */ = {
			isa = PBXProject;
			attributes = {
				BuildIndependentTargetsInParallel = 1;
				LastSwiftUpdateCheck = 1430;
				LastUpgradeCheck = 1430;
				TargetAttributes = {
					20806F4D2A9DEEAC00625668 = {
						CreatedOnToolsVersion = 14.3.1;
					};
					20806F5D2A9DEEAD00625668 = {
						CreatedOnToolsVersion = 14.3.1;
						TestTargetID = 20806F4D2A9DEEAC00625668;
					};
					20806F672A9DEEAD00625668 = {
						CreatedOnToolsVersion = 14.3.1;
						TestTargetID = 20806F4D2A9DEEAC00625668;
					};
				};
			};
			buildConfigurationList = 20806F492A9DEEAC00625668 /* Build configuration list for PBXProject "SpeakBuddyLandingScreen" */;
			compatibilityVersion = "Xcode 14.0";
			developmentRegion = en;
			hasScannedForEncodings = 0;
			knownRegions = (
				en,
				Base,
			);
			mainGroup = 20806F452A9DEEAC00625668;
			productRefGroup = 20806F4F2A9DEEAC00625668 /* Products */;
			projectDirPath = "";
			projectRoot = "";
			targets = (
				20806F4D2A9DEEAC00625668 /* SpeakBuddyLandingScreen */,
				20806F5D2A9DEEAD00625668 /* SpeakBuddyLandingScreenTests */,
				20806F672A9DEEAD00625668 /* SpeakBuddyLandingScreenUITests */,
			);
		};
/* End PBXProject section */

/* Begin PBXResourcesBuildPhase section */
		20806F4C2A9DEEAC00625668 /* Resources */ = {
			isa = PBXResourcesBuildPhase;
			buildActionMask = 2147483647;
			files = (
				20806F592A9DEEAD00625668 /* Preview Assets.xcassets in Resources */,
				20806F562A9DEEAD00625668 /* Assets.xcassets in Resources */,
			);
			runOnlyForDeploymentPostprocessing = 0;
		};
		20806F5C2A9DEEAD00625668 /* Resources */ = {
			isa = PBXResourcesBuildPhase;
			buildActionMask = 2147483647;
			files = (
			);
			runOnlyForDeploymentPostprocessing = 0;
		};
		20806F662A9DEEAD00625668 /* Resources */ = {
			isa = PBXResourcesBuildPhase;
			buildActionMask = 2147483647;
			files = (
			);
			runOnlyForDeploymentPostprocessing = 0;
		};
/* End PBXResourcesBuildPhase section */

/* Begin PBXSourcesBuildPhase section */
		20806F4A2A9DEEAC00625668 /* Sources */ = {
			isa = PBXSourcesBuildPhase;
			buildActionMask = 2147483647;
			files = (
				2002F6352A9E6FF40057B814 /* AssetColor.swift in Sources */,
				2002F6372A9E71F90057B814 /* SampleData.swift in Sources */,
				2002F63D2A9ED0DC0057B814 /* FontExtensions.swift in Sources */,
				20806F542A9DEEAC00625668 /* ContentView.swift in Sources */,
				20806F522A9DEEAC00625668 /* SpeakBuddyLandingScreenApp.swift in Sources */,
				2002F62E2A9E6BBA0057B814 /* MediaContentView.swift in Sources */,
				2002F6302A9E6CCE0057B814 /* PrimayButton.swift in Sources */,
				2002F6322A9E6E800057B814 /* SubscriptionPlanConstants.swift in Sources */,
				2002F6392A9E75690057B814 /* CircleCancelButton.swift in Sources */,
			);
			runOnlyForDeploymentPostprocessing = 0;
		};
		20806F5A2A9DEEAD00625668 /* Sources */ = {
			isa = PBXSourcesBuildPhase;
			buildActionMask = 2147483647;
			files = (
				20806F632A9DEEAD00625668 /* SpeakBuddyLandingScreenTests.swift in Sources */,
			);
			runOnlyForDeploymentPostprocessing = 0;
		};
		20806F642A9DEEAD00625668 /* Sources */ = {
			isa = PBXSourcesBuildPhase;
			buildActionMask = 2147483647;
			files = (
				20806F6F2A9DEEAD00625668 /* SpeakBuddyLandingScreenUITestsLaunchTests.swift in Sources */,
				20806F6D2A9DEEAD00625668 /* SpeakBuddyLandingScreenUITests.swift in Sources */,
			);
			runOnlyForDeploymentPostprocessing = 0;
		};
/* End PBXSourcesBuildPhase section */

/* Begin PBXTargetDependency section */
		20806F602A9DEEAD00625668 /* PBXTargetDependency */ = {
			isa = PBXTargetDependency;
			target = 20806F4D2A9DEEAC00625668 /* SpeakBuddyLandingScreen */;
			targetProxy = 20806F5F2A9DEEAD00625668 /* PBXContainerItemProxy */;
		};
		20806F6A2A9DEEAD00625668 /* PBXTargetDependency */ = {
			isa = PBXTargetDependency;
			target = 20806F4D2A9DEEAC00625668 /* SpeakBuddyLandingScreen */;
			targetProxy = 20806F692A9DEEAD00625668 /* PBXContainerItemProxy */;
		};
/* End PBXTargetDependency section */

/* Begin XCBuildConfiguration section */
		20806F702A9DEEAD00625668 /* Debug */ = {
			isa = XCBuildConfiguration;
			buildSettings = {
				ALWAYS_SEARCH_USER_PATHS = NO;
				CLANG_ANALYZER_NONNULL = YES;
				CLANG_ANALYZER_NUMBER_OBJECT_CONVERSION = YES_AGGRESSIVE;
				CLANG_CXX_LANGUAGE_STANDARD = "gnu++20";
				CLANG_ENABLE_MODULES = YES;
				CLANG_ENABLE_OBJC_ARC = YES;
				CLANG_ENABLE_OBJC_WEAK = YES;
				CLANG_WARN_BLOCK_CAPTURE_AUTORELEASING = YES;
				CLANG_WARN_BOOL_CONVERSION = YES;
				CLANG_WARN_COMMA = YES;
				CLANG_WARN_CONSTANT_CONVERSION = YES;
				CLANG_WARN_DEPRECATED_OBJC_IMPLEMENTATIONS = YES;
				CLANG_WARN_DIRECT_OBJC_ISA_USAGE = YES_ERROR;
				CLANG_WARN_DOCUMENTATION_COMMENTS = YES;
				CLANG_WARN_EMPTY_BODY = YES;
				CLANG_WARN_ENUM_CONVERSION = YES;
				CLANG_WARN_INFINITE_RECURSION = YES;
				CLANG_WARN_INT_CONVERSION = YES;
				CLANG_WARN_NON_LITERAL_NULL_CONVERSION = YES;
				CLANG_WARN_OBJC_IMPLICIT_RETAIN_SELF = YES;
				CLANG_WARN_OBJC_LITERAL_CONVERSION = YES;
				CLANG_WARN_OBJC_ROOT_CLASS = YES_ERROR;
				CLANG_WARN_QUOTED_INCLUDE_IN_FRAMEWORK_HEADER = YES;
				CLANG_WARN_RANGE_LOOP_ANALYSIS = YES;
				CLANG_WARN_STRICT_PROTOTYPES = YES;
				CLANG_WARN_SUSPICIOUS_MOVE = YES;
				CLANG_WARN_UNGUARDED_AVAILABILITY = YES_AGGRESSIVE;
				CLANG_WARN_UNREACHABLE_CODE = YES;
				CLANG_WARN__DUPLICATE_METHOD_MATCH = YES;
				COPY_PHASE_STRIP = NO;
				DEBUG_INFORMATION_FORMAT = dwarf;
				ENABLE_STRICT_OBJC_MSGSEND = YES;
				ENABLE_TESTABILITY = YES;
				GCC_C_LANGUAGE_STANDARD = gnu11;
				GCC_DYNAMIC_NO_PIC = NO;
				GCC_NO_COMMON_BLOCKS = YES;
				GCC_OPTIMIZATION_LEVEL = 0;
				GCC_PREPROCESSOR_DEFINITIONS = (
					"DEBUG=1",
					"$(inherited)",
				);
				GCC_WARN_64_TO_32_BIT_CONVERSION = YES;
				GCC_WARN_ABOUT_RETURN_TYPE = YES_ERROR;
				GCC_WARN_UNDECLARED_SELECTOR = YES;
				GCC_WARN_UNINITIALIZED_AUTOS = YES_AGGRESSIVE;
				GCC_WARN_UNUSED_FUNCTION = YES;
				GCC_WARN_UNUSED_VARIABLE = YES;
				IPHONEOS_DEPLOYMENT_TARGET = 16;
				MTL_ENABLE_DEBUG_INFO = INCLUDE_SOURCE;
				MTL_FAST_MATH = YES;
				ONLY_ACTIVE_ARCH = YES;
				SDKROOT = iphoneos;
				SWIFT_ACTIVE_COMPILATION_CONDITIONS = DEBUG;
				SWIFT_OPTIMIZATION_LEVEL = "-Onone";
			};
			name = Debug;
		};
		20806F712A9DEEAD00625668 /* Release */ = {
			isa = XCBuildConfiguration;
			buildSettings = {
				ALWAYS_SEARCH_USER_PATHS = NO;
				CLANG_ANALYZER_NONNULL = YES;
				CLANG_ANALYZER_NUMBER_OBJECT_CONVERSION = YES_AGGRESSIVE;
				CLANG_CXX_LANGUAGE_STANDARD = "gnu++20";
				CLANG_ENABLE_MODULES = YES;
				CLANG_ENABLE_OBJC_ARC = YES;
				CLANG_ENABLE_OBJC_WEAK = YES;
				CLANG_WARN_BLOCK_CAPTURE_AUTORELEASING = YES;
				CLANG_WARN_BOOL_CONVERSION = YES;
				CLANG_WARN_COMMA = YES;
				CLANG_WARN_CONSTANT_CONVERSION = YES;
				CLANG_WARN_DEPRECATED_OBJC_IMPLEMENTATIONS = YES;
				CLANG_WARN_DIRECT_OBJC_ISA_USAGE = YES_ERROR;
				CLANG_WARN_DOCUMENTATION_COMMENTS = YES;
				CLANG_WARN_EMPTY_BODY = YES;
				CLANG_WARN_ENUM_CONVERSION = YES;
				CLANG_WARN_INFINITE_RECURSION = YES;
				CLANG_WARN_INT_CONVERSION = YES;
				CLANG_WARN_NON_LITERAL_NULL_CONVERSION = YES;
				CLANG_WARN_OBJC_IMPLICIT_RETAIN_SELF = YES;
				CLANG_WARN_OBJC_LITERAL_CONVERSION = YES;
				CLANG_WARN_OBJC_ROOT_CLASS = YES_ERROR;
				CLANG_WARN_QUOTED_INCLUDE_IN_FRAMEWORK_HEADER = YES;
				CLANG_WARN_RANGE_LOOP_ANALYSIS = YES;
				CLANG_WARN_STRICT_PROTOTYPES = YES;
				CLANG_WARN_SUSPICIOUS_MOVE = YES;
				CLANG_WARN_UNGUARDED_AVAILABILITY = YES_AGGRESSIVE;
				CLANG_WARN_UNREACHABLE_CODE = YES;
				CLANG_WARN__DUPLICATE_METHOD_MATCH = YES;
				COPY_PHASE_STRIP = NO;
				DEBUG_INFORMATION_FORMAT = "dwarf-with-dsym";
				ENABLE_NS_ASSERTIONS = NO;
				ENABLE_STRICT_OBJC_MSGSEND = YES;
				GCC_C_LANGUAGE_STANDARD = gnu11;
				GCC_NO_COMMON_BLOCKS = YES;
				GCC_WARN_64_TO_32_BIT_CONVERSION = YES;
				GCC_WARN_ABOUT_RETURN_TYPE = YES_ERROR;
				GCC_WARN_UNDECLARED_SELECTOR = YES;
				GCC_WARN_UNINITIALIZED_AUTOS = YES_AGGRESSIVE;
				GCC_WARN_UNUSED_FUNCTION = YES;
				GCC_WARN_UNUSED_VARIABLE = YES;
				IPHONEOS_DEPLOYMENT_TARGET = 16;
				MTL_ENABLE_DEBUG_INFO = NO;
				MTL_FAST_MATH = YES;
				SDKROOT = iphoneos;
				SWIFT_COMPILATION_MODE = wholemodule;
				SWIFT_OPTIMIZATION_LEVEL = "-O";
				VALIDATE_PRODUCT = YES;
			};
			name = Release;
		};
		20806F732A9DEEAD00625668 /* Debug */ = {
			isa = XCBuildConfiguration;
			buildSettings = {
				ASSETCATALOG_COMPILER_APPICON_NAME = AppIcon;
				ASSETCATALOG_COMPILER_GLOBAL_ACCENT_COLOR_NAME = AccentColor;
				CODE_SIGN_STYLE = Automatic;
				CURRENT_PROJECT_VERSION = 1;
				DEVELOPMENT_ASSET_PATHS = "\"SpeakBuddyLandingScreen/Preview Content\"";
				DEVELOPMENT_TEAM = F2K9CXSDAD;
				ENABLE_PREVIEWS = YES;
				GENERATE_INFOPLIST_FILE = YES;
				INFOPLIST_KEY_UIApplicationSceneManifest_Generation = YES;
				INFOPLIST_KEY_UIApplicationSupportsIndirectInputEvents = YES;
				INFOPLIST_KEY_UILaunchScreen_Generation = YES;
				INFOPLIST_KEY_UISupportedInterfaceOrientations_iPad = "UIInterfaceOrientationPortrait UIInterfaceOrientationPortraitUpsideDown UIInterfaceOrientationLandscapeLeft UIInterfaceOrientationLandscapeRight";
				INFOPLIST_KEY_UISupportedInterfaceOrientations_iPhone = "UIInterfaceOrientationPortrait UIInterfaceOrientationLandscapeLeft UIInterfaceOrientationLandscapeRight";
				IPHONEOS_DEPLOYMENT_TARGET = 16;
				LD_RUNPATH_SEARCH_PATHS = (
					"$(inherited)",
					"@executable_path/Frameworks",
				);
				MARKETING_VERSION = 1.0;
				PRODUCT_BUNDLE_IDENTIFIER = dev.evanliang.SpeakBuddyLandingScreen;
				PRODUCT_NAME = "$(TARGET_NAME)";
				SWIFT_EMIT_LOC_STRINGS = YES;
				SWIFT_VERSION = 5.0;
				TARGETED_DEVICE_FAMILY = "1,2";
			};
			name = Debug;
		};
		20806F742A9DEEAD00625668 /* Release */ = {
			isa = XCBuildConfiguration;
			buildSettings = {
				ASSETCATALOG_COMPILER_APPICON_NAME = AppIcon;
				ASSETCATALOG_COMPILER_GLOBAL_ACCENT_COLOR_NAME = AccentColor;
				CODE_SIGN_STYLE = Automatic;
				CURRENT_PROJECT_VERSION = 1;
				DEVELOPMENT_ASSET_PATHS = "\"SpeakBuddyLandingScreen/Preview Content\"";
				DEVELOPMENT_TEAM = F2K9CXSDAD;
				ENABLE_PREVIEWS = YES;
				GENERATE_INFOPLIST_FILE = YES;
				INFOPLIST_KEY_UIApplicationSceneManifest_Generation = YES;
				INFOPLIST_KEY_UIApplicationSupportsIndirectInputEvents = YES;
				INFOPLIST_KEY_UILaunchScreen_Generation = YES;
				INFOPLIST_KEY_UISupportedInterfaceOrientations_iPad = "UIInterfaceOrientationPortrait UIInterfaceOrientationPortraitUpsideDown UIInterfaceOrientationLandscapeLeft UIInterfaceOrientationLandscapeRight";
				INFOPLIST_KEY_UISupportedInterfaceOrientations_iPhone = "UIInterfaceOrientationPortrait UIInterfaceOrientationLandscapeLeft UIInterfaceOrientationLandscapeRight";
				IPHONEOS_DEPLOYMENT_TARGET = 16;
				LD_RUNPATH_SEARCH_PATHS = (
					"$(inherited)",
					"@executable_path/Frameworks",
				);
				MARKETING_VERSION = 1.0;
				PRODUCT_BUNDLE_IDENTIFIER = dev.evanliang.SpeakBuddyLandingScreen;
				PRODUCT_NAME = "$(TARGET_NAME)";
				SWIFT_EMIT_LOC_STRINGS = YES;
				SWIFT_VERSION = 5.0;
				TARGETED_DEVICE_FAMILY = "1,2";
			};
			name = Release;
		};
		20806F762A9DEEAD00625668 /* Debug */ = {
			isa = XCBuildConfiguration;
			buildSettings = {
				ALWAYS_EMBED_SWIFT_STANDARD_LIBRARIES = YES;
				BUNDLE_LOADER = "$(TEST_HOST)";
				CODE_SIGN_STYLE = Automatic;
				CURRENT_PROJECT_VERSION = 1;
				GENERATE_INFOPLIST_FILE = YES;
				IPHONEOS_DEPLOYMENT_TARGET = 16.4;
				MARKETING_VERSION = 1.0;
				PRODUCT_BUNDLE_IDENTIFIER = dev.evanliang.SpeakBuddyLandingScreenTests;
				PRODUCT_NAME = "$(TARGET_NAME)";
				SWIFT_EMIT_LOC_STRINGS = NO;
				SWIFT_VERSION = 5.0;
				TARGETED_DEVICE_FAMILY = "1,2";
				TEST_HOST = "$(BUILT_PRODUCTS_DIR)/SpeakBuddyLandingScreen.app/$(BUNDLE_EXECUTABLE_FOLDER_PATH)/SpeakBuddyLandingScreen";
			};
			name = Debug;
		};
		20806F772A9DEEAD00625668 /* Release */ = {
			isa = XCBuildConfiguration;
			buildSettings = {
				ALWAYS_EMBED_SWIFT_STANDARD_LIBRARIES = YES;
				BUNDLE_LOADER = "$(TEST_HOST)";
				CODE_SIGN_STYLE = Automatic;
				CURRENT_PROJECT_VERSION = 1;
				GENERATE_INFOPLIST_FILE = YES;
				IPHONEOS_DEPLOYMENT_TARGET = 16.4;
				MARKETING_VERSION = 1.0;
				PRODUCT_BUNDLE_IDENTIFIER = dev.evanliang.SpeakBuddyLandingScreenTests;
				PRODUCT_NAME = "$(TARGET_NAME)";
				SWIFT_EMIT_LOC_STRINGS = NO;
				SWIFT_VERSION = 5.0;
				TARGETED_DEVICE_FAMILY = "1,2";
				TEST_HOST = "$(BUILT_PRODUCTS_DIR)/SpeakBuddyLandingScreen.app/$(BUNDLE_EXECUTABLE_FOLDER_PATH)/SpeakBuddyLandingScreen";
			};
			name = Release;
		};
		20806F792A9DEEAD00625668 /* Debug */ = {
			isa = XCBuildConfiguration;
			buildSettings = {
				ALWAYS_EMBED_SWIFT_STANDARD_LIBRARIES = YES;
				CODE_SIGN_STYLE = Automatic;
				CURRENT_PROJECT_VERSION = 1;
				GENERATE_INFOPLIST_FILE = YES;
				MARKETING_VERSION = 1.0;
				PRODUCT_BUNDLE_IDENTIFIER = dev.evanliang.SpeakBuddyLandingScreenUITests;
				PRODUCT_NAME = "$(TARGET_NAME)";
				SWIFT_EMIT_LOC_STRINGS = NO;
				SWIFT_VERSION = 5.0;
				TARGETED_DEVICE_FAMILY = "1,2";
				TEST_TARGET_NAME = SpeakBuddyLandingScreen;
			};
			name = Debug;
		};
		20806F7A2A9DEEAD00625668 /* Release */ = {
			isa = XCBuildConfiguration;
			buildSettings = {
				ALWAYS_EMBED_SWIFT_STANDARD_LIBRARIES = YES;
				CODE_SIGN_STYLE = Automatic;
				CURRENT_PROJECT_VERSION = 1;
				GENERATE_INFOPLIST_FILE = YES;
				MARKETING_VERSION = 1.0;
				PRODUCT_BUNDLE_IDENTIFIER = dev.evanliang.SpeakBuddyLandingScreenUITests;
				PRODUCT_NAME = "$(TARGET_NAME)";
				SWIFT_EMIT_LOC_STRINGS = NO;
				SWIFT_VERSION = 5.0;
				TARGETED_DEVICE_FAMILY = "1,2";
				TEST_TARGET_NAME = SpeakBuddyLandingScreen;
			};
			name = Release;
		};
/* End XCBuildConfiguration section */

/* Begin XCConfigurationList section */
		20806F492A9DEEAC00625668 /* Build configuration list for PBXProject "SpeakBuddyLandingScreen" */ = {
			isa = XCConfigurationList;
			buildConfigurations = (
				20806F702A9DEEAD00625668 /* Debug */,
				20806F712A9DEEAD00625668 /* Release */,
			);
			defaultConfigurationIsVisible = 0;
			defaultConfigurationName = Release;
		};
		20806F722A9DEEAD00625668 /* Build configuration list for PBXNativeTarget "SpeakBuddyLandingScreen" */ = {
			isa = XCConfigurationList;
			buildConfigurations = (
				20806F732A9DEEAD00625668 /* Debug */,
				20806F742A9DEEAD00625668 /* Release */,
			);
			defaultConfigurationIsVisible = 0;
			defaultConfigurationName = Release;
		};
		20806F752A9DEEAD00625668 /* Build configuration list for PBXNativeTarget "SpeakBuddyLandingScreenTests" */ = {
			isa = XCConfigurationList;
			buildConfigurations = (
				20806F762A9DEEAD00625668 /* Debug */,
				20806F772A9DEEAD00625668 /* Release */,
			);
			defaultConfigurationIsVisible = 0;
			defaultConfigurationName = Release;
		};
		20806F782A9DEEAD00625668 /* Build configuration list for PBXNativeTarget "SpeakBuddyLandingScreenUITests" */ = {
			isa = XCConfigurationList;
			buildConfigurations = (
				20806F792A9DEEAD00625668 /* Debug */,
				20806F7A2A9DEEAD00625668 /* Release */,
			);
			defaultConfigurationIsVisible = 0;
			defaultConfigurationName = Release;
		};
/* End XCConfigurationList section */
	};
	rootObject = 20806F462A9DEEAC00625668 /* Project object */;
}
